{
  "requires": true,
  "lockfileVersion": 1,
  "dependencies": {
    "@babel/runtime": {
      "version": "7.13.10",
      "resolved": "https://registry.npm.taobao.org/@babel/runtime/download/@babel/runtime-7.13.10.tgz?cache=0&sync_timestamp=1615243322559&other_urls=https%3A%2F%2Fregistry.npm.taobao.org%2F%40babel%2Fruntime%2Fdownload%2F%40babel%2Fruntime-7.13.10.tgz",
      "integrity": "sha1-R9QqV7YJX0Ro2kQDiP262L6/DX0=",
      "requires": {
        "regenerator-runtime": "^0.13.4"
      }
    },
    "mini-ali-ui": {
      "version": "1.3.4",
      "resolved": "https://registry.npm.taobao.org/mini-ali-ui/download/mini-ali-ui-1.3.4.tgz",
      "integrity": "sha1-k3Lv58NoJnIxOMrZ3x5Vaexqdpo=",
      "requires": {
        "@babel/runtime": "^7.11.2"
      }
    },
    "regenerator-runtime": {
      "version": "0.13.7",
      "resolved": "https://registry.npm.taobao.org/regenerator-runtime/download/regenerator-runtime-0.13.7.tgz",
      "integrity": "sha1-ysLazIoepnX+qrrriugziYrkb1U="
    }
  }
}
